
Microsoft Visual Studio Solution File, Format Version 12.00
# Visual Studio Version 17
VisualStudioVersion = 17.9.34728.123
MinimumVisualStudioVersion = 10.0.40219.1
Project("{2150E333-8FDC-42A3-9474-1A3956D46DE8}") = "Task0", "Task0", "{06E94EE9-73FC-4701-AA31-8D304207423C}"
EndProject
Project("{9A19103F-16F7-4668-BE54-9A1E7A4F7556}") = "Tyuiu.KurbanovFA.Sprint3.Task0.V29", "Tyuiu.KurbanovFA.Sprint3.Task0.V29\Tyuiu.KurbanovFA.Sprint3.Task0.V29.csproj", "{63F4629F-57D8-4128-9D00-418E5B2487E4}"
EndProject
Project("{9A19103F-16F7-4668-BE54-9A1E7A4F7556}") = "Tyuiu.KurbanovFA.Sprint3.Task0.V29.Lib", "Tyuiu.KurbanovFA.Sprint3.Task0.V29.Lib\Tyuiu.KurbanovFA.Sprint3.Task0.V29.Lib.csproj", "{572FA6EA-11E7-4BCE-8892-3413BB5FAF27}"
EndProject
Project("{9A19103F-16F7-4668-BE54-9A1E7A4F7556}") = "Tyuiu.KurbanovFA.Sprint3.Task0.V29.Test", "Tyuiu.KurbanovFA.Sprint3.Task0.V29.Test\Tyuiu.KurbanovFA.Sprint3.Task0.V29.Test.csproj", "{D16BE255-8D29-4F92-9020-F18BF6B8C893}"
EndProject
Project("{2150E333-8FDC-42A3-9474-1A3956D46DE8}") = "Task1", "Task1", "{801C3009-68D3-4D49-A40D-AE51D622C021}"
EndProject
Project("{9A19103F-16F7-4668-BE54-9A1E7A4F7556}") = "Tyuiu.KurbanovFA.Sprint3.Task1.V20", "Tyuiu.KurbanovFA.Sprint3.Task1.V20\Tyuiu.KurbanovFA.Sprint3.Task1.V20.csproj", "{B95F1D0B-BFE6-471A-9DE1-489DDDAD447A}"
EndProject
Project("{9A19103F-16F7-4668-BE54-9A1E7A4F7556}") = "Tyuiu.KurbanovFA.Sprint3.Task1.V20.Lib", "Tyuiu.KurbanovFA.Sprint3.Task1.V20.Lib\Tyuiu.KurbanovFA.Sprint3.Task1.V20.Lib.csproj", "{F4010DB7-2015-4EB1-B87C-AEFC192293EC}"
EndProject
Project("{9A19103F-16F7-4668-BE54-9A1E7A4F7556}") = "Tyuiu.KurbanovFA.Sprint3.Task1.V20.Test", "Tyuiu.KurbanovFA.Sprint3.Task1.V20.Test\Tyuiu.KurbanovFA.Sprint3.Task1.V20.Test.csproj", "{1D9F370E-5FF1-4688-971C-CA6EBB3870DA}"
EndProject
Project("{2150E333-8FDC-42A3-9474-1A3956D46DE8}") = "Task2", "Task2", "{A6E7B05E-5E86-4D43-9004-91C12749830D}"
EndProject
Project("{9A19103F-16F7-4668-BE54-9A1E7A4F7556}") = "Tyuiu.KurbanovFA.Sprint3.Task2.V12", "Tyuiu.KurbanovFA.Sprint3.Task2.V12\Tyuiu.KurbanovFA.Sprint3.Task2.V12.csproj", "{1D801C4B-6A91-4036-8CA3-D58EE5A059FF}"
EndProject
Project("{9A19103F-16F7-4668-BE54-9A1E7A4F7556}") = "Tyuiu.KurbanovFA.Sprint3.Task2.V12.Lib", "Tyuiu.KurbanovFA.Sprint3.Task2.V12.Lib\Tyuiu.KurbanovFA.Sprint3.Task2.V12.Lib.csproj", "{D6FCB2BE-2139-4955-A974-CB8B25A9AEF0}"
EndProject
Project("{9A19103F-16F7-4668-BE54-9A1E7A4F7556}") = "Tyuiu.KurbanovFA.Sprint3.Task2.V12.Test", "Tyuiu.KurbanovFA.Sprint3.Task2.V12.Test\Tyuiu.KurbanovFA.Sprint3.Task2.V12.Test.csproj", "{674A5E8C-D83B-4BBC-B0E0-074D082CBFE2}"
EndProject
Project("{2150E333-8FDC-42A3-9474-1A3956D46DE8}") = "Task3", "Task3", "{D99C8D20-7D3A-4816-B860-B48F1ACB61C6}"
EndProject
Project("{9A19103F-16F7-4668-BE54-9A1E7A4F7556}") = "Tyuiu.KurbanovFA.Sprint3.Task3.V29", "Tyuiu.KurbanovFA.Sprint3.Task3.V29\Tyuiu.KurbanovFA.Sprint3.Task3.V29.csproj", "{CB6E9442-8F1B-42F1-8015-F16F6A6B24AB}"
EndProject
Project("{9A19103F-16F7-4668-BE54-9A1E7A4F7556}") = "Tyuiu.KurbanovFA.Sprint3.Task3.V29.Lib", "Tyuiu.KurbanovFA.Sprint3.Task3.V29.Lib\Tyuiu.KurbanovFA.Sprint3.Task3.V29.Lib.csproj", "{7C418635-6A3D-4872-BAB4-82B918CD6E6A}"
EndProject
Project("{9A19103F-16F7-4668-BE54-9A1E7A4F7556}") = "Tyuiu.KurbanovFA.Sprint3.Task3.V29.Test", "Tyuiu.KurbanovFA.Sprint3.Task3.V29.Test\Tyuiu.KurbanovFA.Sprint3.Task3.V29.Test.csproj", "{31B9FD2C-6EC3-48CF-9B6D-4A7AB9C62657}"
EndProject
Project("{2150E333-8FDC-42A3-9474-1A3956D46DE8}") = "Task4", "Task4", "{AE226F23-4F78-43BD-8A43-52652A9503A2}"
EndProject
Project("{9A19103F-16F7-4668-BE54-9A1E7A4F7556}") = "Tyuiu.KurbanovFA.Sprint3.Task4.V23", "Tyuiu.KurbanovFA.Sprint3.Task4.V23\Tyuiu.KurbanovFA.Sprint3.Task4.V23.csproj", "{E6DD14F3-568D-4857-AA86-B76F5C80D10E}"
EndProject
Project("{9A19103F-16F7-4668-BE54-9A1E7A4F7556}") = "Tyuiu.KurbanovFA.Sprint3.Task4.V23.Lib", "Tyuiu.KurbanovFA.Sprint3.Task4.V23.Lib\Tyuiu.KurbanovFA.Sprint3.Task4.V23.Lib.csproj", "{F9E50F7C-E3CE-41AF-8BD6-78749D17BB24}"
EndProject
Project("{9A19103F-16F7-4668-BE54-9A1E7A4F7556}") = "Tyuiu.KurbanovFA.Sprint3.Task4.V23.Test", "Tyuiu.KurbanovFA.Sprint3.Task4.V23.Test\Tyuiu.KurbanovFA.Sprint3.Task4.V23.Test.csproj", "{4D5F779A-96AF-4E6C-A4C8-5F19E28343E3}"
EndProject
Project("{2150E333-8FDC-42A3-9474-1A3956D46DE8}") = "Task5", "Task5", "{1A24A9C7-F6E2-47F6-B9B8-7BA5DC111176}"
EndProject
Project("{9A19103F-16F7-4668-BE54-9A1E7A4F7556}") = "Tyuiu.KurbanovFA.Sprint3.Task5.V15", "Tyuiu.KurbanovFA.Sprint3.Task5.V15\Tyuiu.KurbanovFA.Sprint3.Task5.V15.csproj", "{0D01200E-AABF-4B20-95E4-4FEA8238D710}"
EndProject
Project("{9A19103F-16F7-4668-BE54-9A1E7A4F7556}") = "Tyuiu.KurbanovFA.Sprint3.Task5.V15.Lib", "Tyuiu.KurbanovFA.Sprint3.Task5.V15.Lib\Tyuiu.KurbanovFA.Sprint3.Task5.V15.Lib.csproj", "{DA72DF62-DC53-484D-854D-5F950A74F1F9}"
EndProject
Project("{9A19103F-16F7-4668-BE54-9A1E7A4F7556}") = "Tyuiu.KurbanovFA.Sprint3.Task5.V15.Test", "Tyuiu.KurbanovFA.Sprint3.Task5.V15.Test\Tyuiu.KurbanovFA.Sprint3.Task5.V15.Test.csproj", "{E09F2EA1-28E5-494B-8EF8-0A8A6F90E94E}"
EndProject
Project("{2150E333-8FDC-42A3-9474-1A3956D46DE8}") = "Task6", "Task6", "{EEA59951-02EE-44AA-B80C-63ED95441FD9}"
EndProject
Project("{FAE04EC0-301F-11D3-BF4B-00C04F79EFBC}") = "Tyuiu.KurbanovFA.Sprint3.Task6.V30", "Tyuiu.KurbanovFA.Sprint3.Task6.V30\Tyuiu.KurbanovFA.Sprint3.Task6.V30.csproj", "{8CC102C8-55A5-49B7-95AB-04941FA10429}"
EndProject
Project("{FAE04EC0-301F-11D3-BF4B-00C04F79EFBC}") = "Tyuiu.KurbanovFA.Sprint3.Task6.V30.Lib", "Tyuiu.KurbanovFA.Sprint3.Task6.V30.Lib\Tyuiu.KurbanovFA.Sprint3.Task6.V30.Lib.csproj", "{B97298B6-0E2D-4CE9-8039-60D4E8C9DF5F}"
EndProject
Project("{FAE04EC0-301F-11D3-BF4B-00C04F79EFBC}") = "Tyuiu.KurbanovFA.Sprint3.Task6.V30.Test", "Tyuiu.KurbanovFA.Sprint3.Task6.V30.Test\Tyuiu.KurbanovFA.Sprint3.Task6.V30.Test.csproj", "{440B16BB-1641-4FA8-BD87-EA40A7F49330}"
EndProject
Project("{2150E333-8FDC-42A3-9474-1A3956D46DE8}") = "Task7", "Task7", "{312AC080-3B94-4CED-9C0B-E79D83F88A86}"
EndProject
Project("{FAE04EC0-301F-11D3-BF4B-00C04F79EFBC}") = "Tyuiu.KurbanovFA.Sprint3.Task7.V3", "Tyuiu.KurbanovFA.Sprint3.Task7.V3\Tyuiu.KurbanovFA.Sprint3.Task7.V3.csproj", "{0C53A1A8-D94C-4A25-80D4-F72CCCE3C21A}"
EndProject
Project("{FAE04EC0-301F-11D3-BF4B-00C04F79EFBC}") = "Tyuiu.KurbanovFA.Sprint3.Task7.V3.Lib", "Tyuiu.KurbanovFA.Sprint3.Task7.V3.Lib\Tyuiu.KurbanovFA.Sprint3.Task7.V3.Lib.csproj", "{2C226D76-5127-4AA6-8522-6344A4A272EF}"
EndProject
Project("{FAE04EC0-301F-11D3-BF4B-00C04F79EFBC}") = "Tyuiu.KurbanovFA.Sprint3.Task7.V3.Test", "Tyuiu.KurbanovFA.Sprint3.Task7.V3.Test\Tyuiu.KurbanovFA.Sprint3.Task7.V3.Test.csproj", "{D19C6A8C-E763-468B-86B2-1654D79EC59F}"
EndProject
Global
	GlobalSection(SolutionConfigurationPlatforms) = preSolution
		Debug|Any CPU = Debug|Any CPU
		Release|Any CPU = Release|Any CPU
	EndGlobalSection
	GlobalSection(ProjectConfigurationPlatforms) = postSolution
		{63F4629F-57D8-4128-9D00-418E5B2487E4}.Debug|Any CPU.ActiveCfg = Debug|Any CPU
		{63F4629F-57D8-4128-9D00-418E5B2487E4}.Debug|Any CPU.Build.0 = Debug|Any CPU
		{63F4629F-57D8-4128-9D00-418E5B2487E4}.Release|Any CPU.ActiveCfg = Release|Any CPU
		{63F4629F-57D8-4128-9D00-418E5B2487E4}.Release|Any CPU.Build.0 = Release|Any CPU
		{572FA6EA-11E7-4BCE-8892-3413BB5FAF27}.Debug|Any CPU.ActiveCfg = Debug|Any CPU
		{572FA6EA-11E7-4BCE-8892-3413BB5FAF27}.Debug|Any CPU.Build.0 = Debug|Any CPU
		{572FA6EA-11E7-4BCE-8892-3413BB5FAF27}.Release|Any CPU.ActiveCfg = Release|Any CPU
		{572FA6EA-11E7-4BCE-8892-3413BB5FAF27}.Release|Any CPU.Build.0 = Release|Any CPU
		{D16BE255-8D29-4F92-9020-F18BF6B8C893}.Debug|Any CPU.ActiveCfg = Debug|Any CPU
		{D16BE255-8D29-4F92-9020-F18BF6B8C893}.Debug|Any CPU.Build.0 = Debug|Any CPU
		{D16BE255-8D29-4F92-9020-F18BF6B8C893}.Release|Any CPU.ActiveCfg = Release|Any CPU
		{D16BE255-8D29-4F92-9020-F18BF6B8C893}.Release|Any CPU.Build.0 = Release|Any CPU
		{B95F1D0B-BFE6-471A-9DE1-489DDDAD447A}.Debug|Any CPU.ActiveCfg = Debug|Any CPU
		{B95F1D0B-BFE6-471A-9DE1-489DDDAD447A}.Debug|Any CPU.Build.0 = Debug|Any CPU
		{B95F1D0B-BFE6-471A-9DE1-489DDDAD447A}.Release|Any CPU.ActiveCfg = Release|Any CPU
		{B95F1D0B-BFE6-471A-9DE1-489DDDAD447A}.Release|Any CPU.Build.0 = Release|Any CPU
		{F4010DB7-2015-4EB1-B87C-AEFC192293EC}.Debug|Any CPU.ActiveCfg = Debug|Any CPU
		{F4010DB7-2015-4EB1-B87C-AEFC192293EC}.Debug|Any CPU.Build.0 = Debug|Any CPU
		{F4010DB7-2015-4EB1-B87C-AEFC192293EC}.Release|Any CPU.ActiveCfg = Release|Any CPU
		{F4010DB7-2015-4EB1-B87C-AEFC192293EC}.Release|Any CPU.Build.0 = Release|Any CPU
		{1D9F370E-5FF1-4688-971C-CA6EBB3870DA}.Debug|Any CPU.ActiveCfg = Debug|Any CPU
		{1D9F370E-5FF1-4688-971C-CA6EBB3870DA}.Debug|Any CPU.Build.0 = Debug|Any CPU
		{1D9F370E-5FF1-4688-971C-CA6EBB3870DA}.Release|Any CPU.ActiveCfg = Release|Any CPU
		{1D9F370E-5FF1-4688-971C-CA6EBB3870DA}.Release|Any CPU.Build.0 = Release|Any CPU
		{1D801C4B-6A91-4036-8CA3-D58EE5A059FF}.Debug|Any CPU.ActiveCfg = Debug|Any CPU
		{1D801C4B-6A91-4036-8CA3-D58EE5A059FF}.Debug|Any CPU.Build.0 = Debug|Any CPU
		{1D801C4B-6A91-4036-8CA3-D58EE5A059FF}.Release|Any CPU.ActiveCfg = Release|Any CPU
		{1D801C4B-6A91-4036-8CA3-D58EE5A059FF}.Release|Any CPU.Build.0 = Release|Any CPU
		{D6FCB2BE-2139-4955-A974-CB8B25A9AEF0}.Debug|Any CPU.ActiveCfg = Debug|Any CPU
		{D6FCB2BE-2139-4955-A974-CB8B25A9AEF0}.Debug|Any CPU.Build.0 = Debug|Any CPU
		{D6FCB2BE-2139-4955-A974-CB8B25A9AEF0}.Release|Any CPU.ActiveCfg = Release|Any CPU
		{D6FCB2BE-2139-4955-A974-CB8B25A9AEF0}.Release|Any CPU.Build.0 = Release|Any CPU
		{674A5E8C-D83B-4BBC-B0E0-074D082CBFE2}.Debug|Any CPU.ActiveCfg = Debug|Any CPU
		{674A5E8C-D83B-4BBC-B0E0-074D082CBFE2}.Debug|Any CPU.Build.0 = Debug|Any CPU
		{674A5E8C-D83B-4BBC-B0E0-074D082CBFE2}.Release|Any CPU.ActiveCfg = Release|Any CPU
		{674A5E8C-D83B-4BBC-B0E0-074D082CBFE2}.Release|Any CPU.Build.0 = Release|Any CPU
		{CB6E9442-8F1B-42F1-8015-F16F6A6B24AB}.Debug|Any CPU.ActiveCfg = Debug|Any CPU
		{CB6E9442-8F1B-42F1-8015-F16F6A6B24AB}.Debug|Any CPU.Build.0 = Debug|Any CPU
		{CB6E9442-8F1B-42F1-8015-F16F6A6B24AB}.Release|Any CPU.ActiveCfg = Release|Any CPU
		{CB6E9442-8F1B-42F1-8015-F16F6A6B24AB}.Release|Any CPU.Build.0 = Release|Any CPU
		{7C418635-6A3D-4872-BAB4-82B918CD6E6A}.Debug|Any CPU.ActiveCfg = Debug|Any CPU
		{7C418635-6A3D-4872-BAB4-82B918CD6E6A}.Debug|Any CPU.Build.0 = Debug|Any CPU
		{7C418635-6A3D-4872-BAB4-82B918CD6E6A}.Release|Any CPU.ActiveCfg = Release|Any CPU
		{7C418635-6A3D-4872-BAB4-82B918CD6E6A}.Release|Any CPU.Build.0 = Release|Any CPU
		{31B9FD2C-6EC3-48CF-9B6D-4A7AB9C62657}.Debug|Any CPU.ActiveCfg = Debug|Any CPU
		{31B9FD2C-6EC3-48CF-9B6D-4A7AB9C62657}.Debug|Any CPU.Build.0 = Debug|Any CPU
		{31B9FD2C-6EC3-48CF-9B6D-4A7AB9C62657}.Release|Any CPU.ActiveCfg = Release|Any CPU
		{31B9FD2C-6EC3-48CF-9B6D-4A7AB9C62657}.Release|Any CPU.Build.0 = Release|Any CPU
		{E6DD14F3-568D-4857-AA86-B76F5C80D10E}.Debug|Any CPU.ActiveCfg = Debug|Any CPU
		{E6DD14F3-568D-4857-AA86-B76F5C80D10E}.Debug|Any CPU.Build.0 = Debug|Any CPU
		{E6DD14F3-568D-4857-AA86-B76F5C80D10E}.Release|Any CPU.ActiveCfg = Release|Any CPU
		{E6DD14F3-568D-4857-AA86-B76F5C80D10E}.Release|Any CPU.Build.0 = Release|Any CPU
		{F9E50F7C-E3CE-41AF-8BD6-78749D17BB24}.Debug|Any CPU.ActiveCfg = Debug|Any CPU
		{F9E50F7C-E3CE-41AF-8BD6-78749D17BB24}.Debug|Any CPU.Build.0 = Debug|Any CPU
		{F9E50F7C-E3CE-41AF-8BD6-78749D17BB24}.Release|Any CPU.ActiveCfg = Release|Any CPU
		{F9E50F7C-E3CE-41AF-8BD6-78749D17BB24}.Release|Any CPU.Build.0 = Release|Any CPU
		{4D5F779A-96AF-4E6C-A4C8-5F19E28343E3}.Debug|Any CPU.ActiveCfg = Debug|Any CPU
		{4D5F779A-96AF-4E6C-A4C8-5F19E28343E3}.Debug|Any CPU.Build.0 = Debug|Any CPU
		{4D5F779A-96AF-4E6C-A4C8-5F19E28343E3}.Release|Any CPU.ActiveCfg = Release|Any CPU
		{4D5F779A-96AF-4E6C-A4C8-5F19E28343E3}.Release|Any CPU.Build.0 = Release|Any CPU
		{0D01200E-AABF-4B20-95E4-4FEA8238D710}.Debug|Any CPU.ActiveCfg = Debug|Any CPU
		{0D01200E-AABF-4B20-95E4-4FEA8238D710}.Debug|Any CPU.Build.0 = Debug|Any CPU
		{0D01200E-AABF-4B20-95E4-4FEA8238D710}.Release|Any CPU.ActiveCfg = Release|Any CPU
		{0D01200E-AABF-4B20-95E4-4FEA8238D710}.Release|Any CPU.Build.0 = Release|Any CPU
		{DA72DF62-DC53-484D-854D-5F950A74F1F9}.Debug|Any CPU.ActiveCfg = Debug|Any CPU
		{DA72DF62-DC53-484D-854D-5F950A74F1F9}.Debug|Any CPU.Build.0 = Debug|Any CPU
		{DA72DF62-DC53-484D-854D-5F950A74F1F9}.Release|Any CPU.ActiveCfg = Release|Any CPU
		{DA72DF62-DC53-484D-854D-5F950A74F1F9}.Release|Any CPU.Build.0 = Release|Any CPU
		{E09F2EA1-28E5-494B-8EF8-0A8A6F90E94E}.Debug|Any CPU.ActiveCfg = Debug|Any CPU
		{E09F2EA1-28E5-494B-8EF8-0A8A6F90E94E}.Debug|Any CPU.Build.0 = Debug|Any CPU
		{E09F2EA1-28E5-494B-8EF8-0A8A6F90E94E}.Release|Any CPU.ActiveCfg = Release|Any CPU
		{E09F2EA1-28E5-494B-8EF8-0A8A6F90E94E}.Release|Any CPU.Build.0 = Release|Any CPU
		{8CC102C8-55A5-49B7-95AB-04941FA10429}.Debug|Any CPU.ActiveCfg = Debug|Any CPU
		{8CC102C8-55A5-49B7-95AB-04941FA10429}.Debug|Any CPU.Build.0 = Debug|Any CPU
		{8CC102C8-55A5-49B7-95AB-04941FA10429}.Release|Any CPU.ActiveCfg = Release|Any CPU
		{8CC102C8-55A5-49B7-95AB-04941FA10429}.Release|Any CPU.Build.0 = Release|Any CPU
		{B97298B6-0E2D-4CE9-8039-60D4E8C9DF5F}.Debug|Any CPU.ActiveCfg = Debug|Any CPU
		{B97298B6-0E2D-4CE9-8039-60D4E8C9DF5F}.Debug|Any CPU.Build.0 = Debug|Any CPU
		{B97298B6-0E2D-4CE9-8039-60D4E8C9DF5F}.Release|Any CPU.ActiveCfg = Release|Any CPU
		{B97298B6-0E2D-4CE9-8039-60D4E8C9DF5F}.Release|Any CPU.Build.0 = Release|Any CPU
		{440B16BB-1641-4FA8-BD87-EA40A7F49330}.Debug|Any CPU.ActiveCfg = Debug|Any CPU
		{440B16BB-1641-4FA8-BD87-EA40A7F49330}.Debug|Any CPU.Build.0 = Debug|Any CPU
		{440B16BB-1641-4FA8-BD87-EA40A7F49330}.Release|Any CPU.ActiveCfg = Release|Any CPU
		{440B16BB-1641-4FA8-BD87-EA40A7F49330}.Release|Any CPU.Build.0 = Release|Any CPU
		{0C53A1A8-D94C-4A25-80D4-F72CCCE3C21A}.Debug|Any CPU.ActiveCfg = Debug|Any CPU
		{0C53A1A8-D94C-4A25-80D4-F72CCCE3C21A}.Debug|Any CPU.Build.0 = Debug|Any CPU
		{0C53A1A8-D94C-4A25-80D4-F72CCCE3C21A}.Release|Any CPU.ActiveCfg = Release|Any CPU
		{0C53A1A8-D94C-4A25-80D4-F72CCCE3C21A}.Release|Any CPU.Build.0 = Release|Any CPU
		{2C226D76-5127-4AA6-8522-6344A4A272EF}.Debug|Any CPU.ActiveCfg = Debug|Any CPU
		{2C226D76-5127-4AA6-8522-6344A4A272EF}.Debug|Any CPU.Build.0 = Debug|Any CPU
		{2C226D76-5127-4AA6-8522-6344A4A272EF}.Release|Any CPU.ActiveCfg = Release|Any CPU
		{2C226D76-5127-4AA6-8522-6344A4A272EF}.Release|Any CPU.Build.0 = Release|Any CPU
		{D19C6A8C-E763-468B-86B2-1654D79EC59F}.Debug|Any CPU.ActiveCfg = Debug|Any CPU
		{D19C6A8C-E763-468B-86B2-1654D79EC59F}.Debug|Any CPU.Build.0 = Debug|Any CPU
		{D19C6A8C-E763-468B-86B2-1654D79EC59F}.Release|Any CPU.ActiveCfg = Release|Any CPU
		{D19C6A8C-E763-468B-86B2-1654D79EC59F}.Release|Any CPU.Build.0 = Release|Any CPU
	EndGlobalSection
	GlobalSection(SolutionProperties) = preSolution
		HideSolutionNode = FALSE
	EndGlobalSection
	GlobalSection(NestedProjects) = preSolution
		{63F4629F-57D8-4128-9D00-418E5B2487E4} = {06E94EE9-73FC-4701-AA31-8D304207423C}
		{572FA6EA-11E7-4BCE-8892-3413BB5FAF27} = {06E94EE9-73FC-4701-AA31-8D304207423C}
		{D16BE255-8D29-4F92-9020-F18BF6B8C893} = {06E94EE9-73FC-4701-AA31-8D304207423C}
		{B95F1D0B-BFE6-471A-9DE1-489DDDAD447A} = {801C3009-68D3-4D49-A40D-AE51D622C021}
		{F4010DB7-2015-4EB1-B87C-AEFC192293EC} = {801C3009-68D3-4D49-A40D-AE51D622C021}
		{1D9F370E-5FF1-4688-971C-CA6EBB3870DA} = {801C3009-68D3-4D49-A40D-AE51D622C021}
		{1D801C4B-6A91-4036-8CA3-D58EE5A059FF} = {A6E7B05E-5E86-4D43-9004-91C12749830D}
		{D6FCB2BE-2139-4955-A974-CB8B25A9AEF0} = {A6E7B05E-5E86-4D43-9004-91C12749830D}
		{674A5E8C-D83B-4BBC-B0E0-074D082CBFE2} = {A6E7B05E-5E86-4D43-9004-91C12749830D}
		{CB6E9442-8F1B-42F1-8015-F16F6A6B24AB} = {D99C8D20-7D3A-4816-B860-B48F1ACB61C6}
		{7C418635-6A3D-4872-BAB4-82B918CD6E6A} = {D99C8D20-7D3A-4816-B860-B48F1ACB61C6}
		{31B9FD2C-6EC3-48CF-9B6D-4A7AB9C62657} = {D99C8D20-7D3A-4816-B860-B48F1ACB61C6}
		{E6DD14F3-568D-4857-AA86-B76F5C80D10E} = {AE226F23-4F78-43BD-8A43-52652A9503A2}
		{F9E50F7C-E3CE-41AF-8BD6-78749D17BB24} = {AE226F23-4F78-43BD-8A43-52652A9503A2}
		{4D5F779A-96AF-4E6C-A4C8-5F19E28343E3} = {AE226F23-4F78-43BD-8A43-52652A9503A2}
		{0D01200E-AABF-4B20-95E4-4FEA8238D710} = {1A24A9C7-F6E2-47F6-B9B8-7BA5DC111176}
		{DA72DF62-DC53-484D-854D-5F950A74F1F9} = {1A24A9C7-F6E2-47F6-B9B8-7BA5DC111176}
		{E09F2EA1-28E5-494B-8EF8-0A8A6F90E94E} = {1A24A9C7-F6E2-47F6-B9B8-7BA5DC111176}
		{8CC102C8-55A5-49B7-95AB-04941FA10429} = {EEA59951-02EE-44AA-B80C-63ED95441FD9}
		{B97298B6-0E2D-4CE9-8039-60D4E8C9DF5F} = {EEA59951-02EE-44AA-B80C-63ED95441FD9}
		{440B16BB-1641-4FA8-BD87-EA40A7F49330} = {EEA59951-02EE-44AA-B80C-63ED95441FD9}
		{0C53A1A8-D94C-4A25-80D4-F72CCCE3C21A} = {312AC080-3B94-4CED-9C0B-E79D83F88A86}
		{2C226D76-5127-4AA6-8522-6344A4A272EF} = {312AC080-3B94-4CED-9C0B-E79D83F88A86}
		{D19C6A8C-E763-468B-86B2-1654D79EC59F} = {312AC080-3B94-4CED-9C0B-E79D83F88A86}
	EndGlobalSection
	GlobalSection(ExtensibilityGlobals) = postSolution
		SolutionGuid = {83979AEA-67F5-415E-A8FE-21BC4F7155C0}
	EndGlobalSection
EndGlobal
